id: cospas_sarsat_doa
label: Cospas-Sarsat DoA Simulator (5-Channel KrakenSDR Sim)
category: '[GRC Hier Blocks]'

parameters:
-   id: theta_deg
    label: theta_deg
    dtype: raw
    default: '45'
    hide: none

inputs: []

outputs:
-   label: out2
    dtype: complex
    vlen: 1
-   label: out3
    dtype: complex
    vlen: 1
-   label: out4
    dtype: complex
    vlen: 1
-   label: out1
    dtype: complex
    vlen: 1
-   label: out5
    dtype: complex
    vlen: 1

templates:
    imports: 'from cospas_sarsat_doa import cospas_sarsat_doa  # grc-generated hier_block'
    make: "cospas_sarsat_doa(\n    theta_deg=${ theta_deg },\n)"
    callbacks:
    - set_theta_deg(${ theta_deg })

documentation: 'GNU Radio DoA Simulator

    Cospas-Sarsat DoA Simulator

    /media/sf_comm_lab_project/DoA Simulator/cospas_sarsat_doa.py'
grc_source: /media/sf_comm_lab_project/DoA Simulator/cospas_sarsat_doa.grc

file_format: 1
